// !$*UTF8*$!
{
	archiveVersion = 1;
	classes = {
	};
	objectVersion = 55;
	objects = {

/* Begin PBXBuildFile section */
		63A4A3CC2CB490F60007FA2C /* AppDelegate.swift in Sources */ = {isa = PBXBuildFile; fileRef = 63A4A3CB2CB490F60007FA2C /* AppDelegate.swift */; };
		63A4A3CE2CB490F60007FA2C /* SceneDelegate.swift in Sources */ = {isa = PBXBuildFile; fileRef = 63A4A3CD2CB490F60007FA2C /* SceneDelegate.swift */; };
		63A4A3D02CB490F60007FA2C /* ViewController.swift in Sources */ = {isa = PBXBuildFile; fileRef = 63A4A3CF2CB490F60007FA2C /* ViewController.swift */; };
		63A4A3D32CB490F60007FA2C /* Main.storyboard in Resources */ = {isa = PBXBuildFile; fileRef = 63A4A3D12CB490F60007FA2C /* Main.storyboard */; };
		63A4A3D62CB490F60007FA2C /* DavidQuispeSoundBoard.xcdatamodeld in Sources */ = {isa = PBXBuildFile; fileRef = 63A4A3D42CB490F60007FA2C /* DavidQuispeSoundBoard.xcdatamodeld */; };
		63A4A3D82CB490FD0007FA2C /* Assets.xcassets in Resources */ = {isa = PBXBuildFile; fileRef = 63A4A3D72CB490FD0007FA2C /* Assets.xcassets */; };
		63A4A3DB2CB490FD0007FA2C /* LaunchScreen.storyboard in Resources */ = {isa = PBXBuildFile; fileRef = 63A4A3D92CB490FD0007FA2C /* LaunchScreen.storyboard */; };
		63A4A3E32CB498C00007FA2C /* SoundViewController.swift in Sources */ = {isa = PBXBuildFile; fileRef = 63A4A3E22CB498C00007FA2C /* SoundViewController.swift */; };
/* End PBXBuildFile section */

/* Begin PBXFileReference section */
		63A4A3C82CB490F60007FA2C /* DavidQuispeSoundBoard.app */ = {isa = PBXFileReference; explicitFileType = wrapper.application; includeInIndex = 0; path = DavidQuispeSoundBoard.app; sourceTree = BUILT_PRODUCTS_DIR; };
		63A4A3CB2CB490F60007FA2C /* AppDelegate.swift */ = {isa = PBXFileReference; lastKnownFileType = sourcecode.swift; path = AppDelegate.swift; sourceTree = "<group>"; };
		63A4A3CD2CB490F60007FA2C /* SceneDelegate.swift */ = {isa = PBXFileReference; lastKnownFileType = sourcecode.swift; path = SceneDelegate.swift; sourceTree = "<group>"; };
		63A4A3CF2CB490F60007FA2C /* ViewController.swift */ = {isa = PBXFileReference; lastKnownFileType = sourcecode.swift; path = ViewController.swift; sourceTree = "<group>"; };
		63A4A3D22CB490F60007FA2C /* Base */ = {isa = PBXFileReference; lastKnownFileType = file.storyboard; name = Base; path = Base.lproj/Main.storyboard; sourceTree = "<group>"; };
		63A4A3D52CB490F60007FA2C /* DavidQuispeSoundBoard.xcdatamodel */ = {isa = PBXFileReference; lastKnownFileType = wrapper.xcdatamodel; path = DavidQuispeSoundBoard.xcdatamodel; sourceTree = "<group>"; };
		63A4A3D72CB490FD0007FA2C /* Assets.xcassets */ = {isa = PBXFileReference; lastKnownFileType = folder.assetcatalog; path = Assets.xcassets; sourceTree = "<group>"; };
		63A4A3DA2CB490FD0007FA2C /* Base */ = {isa = PBXFileReference; lastKnownFileType = file.storyboard; name = Base; path = Base.lproj/LaunchScreen.storyboard; sourceTree = "<group>"; };
		63A4A3DC2CB490FD0007FA2C /* Info.plist */ = {isa = PBXFileReference; lastKnownFileType = text.plist.xml; path = Info.plist; sourceTree = "<group>"; };
		63A4A3E22CB498C00007FA2C /* SoundViewController.swift */ = {isa = PBXFileReference; lastKnownFileType = sourcecode.swift; path = SoundViewController.swift; sourceTree = "<group>"; };
/* End PBXFileReference section */

/* Begin PBXFrameworksBuildPhase section */
		63A4A3C52CB490F60007FA2C /* Frameworks */ = {
			isa = PBXFrameworksBuildPhase;
			buildActionMask = 2147483647;
			files = (
			);
			runOnlyForDeploymentPostprocessing = 0;
		};
/* End PBXFrameworksBuildPhase section */

/* Begin PBXGroup section */
		63A4A3BF2CB490F60007FA2C = {
			isa = PBXGroup;
			children = (
				63A4A3CA2CB490F60007FA2C /* DavidQuispeSoundBoard */,
				63A4A3C92CB490F60007FA2C /* Products */,
			);
			sourceTree = "<group>";
		};
		63A4A3C92CB490F60007FA2C /* Products */ = {
			isa = PBXGroup;
			children = (
				63A4A3C82CB490F60007FA2C /* DavidQuispeSoundBoard.app */,
			);
			name = Products;
			sourceTree = "<group>";
		};
		63A4A3CA2CB490F60007FA2C /* DavidQuispeSoundBoard */ = {
			isa = PBXGroup;
			children = (
				63A4A3CB2CB490F60007FA2C /* AppDelegate.swift */,
				63A4A3CD2CB490F60007FA2C /* SceneDelegate.swift */,
				63A4A3CF2CB490F60007FA2C /* ViewController.swift */,
				63A4A3D12CB490F60007FA2C /* Main.storyboard */,
				63A4A3E22CB498C00007FA2C /* SoundViewController.swift */,
				63A4A3D72CB490FD0007FA2C /* Assets.xcassets */,
				63A4A3D92CB490FD0007FA2C /* LaunchScreen.storyboard */,
				63A4A3DC2CB490FD0007FA2C /* Info.plist */,
				63A4A3D42CB490F60007FA2C /* DavidQuispeSoundBoard.xcdatamodeld */,
			);
			path = DavidQuispeSoundBoard;
			sourceTree = "<group>";
		};
/* End PBXGroup section */

/* Begin PBXNativeTarget section */
		63A4A3C72CB490F60007FA2C /* DavidQuispeSoundBoard */ = {
			isa = PBXNativeTarget;
			buildConfigurationList = 63A4A3DF2CB490FD0007FA2C /* Build configuration list for PBXNativeTarget "DavidQuispeSoundBoard" */;
			buildPhases = (
				63A4A3C42CB490F60007FA2C /* Sources */,
				63A4A3C52CB490F60007FA2C /* Frameworks */,
				63A4A3C62CB490F60007FA2C /* Resources */,
			);
			buildRules = (
			);
			dependencies = (
			);
			name = DavidQuispeSoundBoard;
			productName = DavidQuispeSoundBoard;
			productReference = 63A4A3C82CB490F60007FA2C /* DavidQuispeSoundBoard.app */;
			productType = "com.apple.product-type.application";
		};
/* End PBXNativeTarget section */

/* Begin PBXProject section */
		63A4A3C02CB490F60007FA2C /* Project object */ = {
			isa = PBXProject;
			attributes = {
				BuildIndependentTargetsInParallel = 1;
				LastSwiftUpdateCheck = 1340;
				LastUpgradeCheck = 1340;
				TargetAttributes = {
					63A4A3C72CB490F60007FA2C = {
						CreatedOnToolsVersion = 13.4.1;
					};
				};
			};
			buildConfigurationList = 63A4A3C32CB490F60007FA2C /* Build configuration list for PBXProject "DavidQuispeSoundBoard" */;
			compatibilityVersion = "Xcode 13.0";
			developmentRegion = en;
			hasScannedForEncodings = 0;
			knownRegions = (
				en,
				Base,
			);
			mainGroup = 63A4A3BF2CB490F60007FA2C;
			productRefGroup = 63A4A3C92CB490F60007FA2C /* Products */;
			projectDirPath = "";
			projectRoot = "";
			targets = (
				63A4A3C72CB490F60007FA2C /* DavidQuispeSoundBoard */,
			);
		};
/* End PBXProject section */

/* Begin PBXResourcesBuildPhase section */
		63A4A3C62CB490F60007FA2C /* Resources */ = {
			isa = PBXResourcesBuildPhase;
			buildActionMask = 2147483647;
			files = (
				63A4A3DB2CB490FD0007FA2C /* LaunchScreen.storyboard in Resources */,
				63A4A3D82CB490FD0007FA2C /* Assets.xcassets in Resources */,
				63A4A3D32CB490F60007FA2C /* Main.storyboard in Resources */,
			);
			runOnlyForDeploymentPostprocessing = 0;
		};
/* End PBXResourcesBuildPhase section */

/* Begin PBXSourcesBuildPhase section */
		63A4A3C42CB490F60007FA2C /* Sources */ = {
			isa = PBXSourcesBuildPhase;
			buildActionMask = 2147483647;
			files = (
				63A4A3D02CB490F60007FA2C /* ViewController.swift in Sources */,
				63A4A3CC2CB490F60007FA2C /* AppDelegate.swift in Sources */,
				63A4A3D62CB490F60007FA2C /* DavidQuispeSoundBoard.xcdatamodeld in Sources */,
				63A4A3CE2CB490F60007FA2C /* SceneDelegate.swift in Sources */,
				63A4A3E32CB498C00007FA2C /* SoundViewController.swift in Sources */,
			);
			runOnlyForDeploymentPostprocessing = 0;
		};
/* End PBXSourcesBuildPhase section */

/* Begin PBXVariantGroup section */
		63A4A3D12CB490F60007FA2C /* Main.storyboard */ = {
			isa = PBXVariantGroup;
			children = (
				63A4A3D22CB490F60007FA2C /* Base */,
			);
			name = Main.storyboard;
			sourceTree = "<group>";
		};
		63A4A3D92CB490FD0007FA2C /* LaunchScreen.storyboard */ = {
			isa = PBXVariantGroup;
			children = (
				63A4A3DA2CB490FD0007FA2C /* Base */,
			);
			name = LaunchScreen.storyboard;
			sourceTree = "<group>";
		};
/* End PBXVariantGroup section */

/* Begin XCBuildConfiguration section */
		63A4A3DD2CB490FD0007FA2C /* Debug */ = {
			isa = XCBuildConfiguration;
			buildSettings = {
				ALWAYS_SEARCH_USER_PATHS = NO;
				CLANG_ANALYZER_NONNULL = YES;
				CLANG_ANALYZER_NUMBER_OBJECT_CONVERSION = YES_AGGRESSIVE;
				CLANG_CXX_LANGUAGE_STANDARD = "gnu++17";
				CLANG_ENABLE_MODULES = YES;
				CLANG_ENABLE_OBJC_ARC = YES;
				CLANG_ENABLE_OBJC_WEAK = YES;
				CLANG_WARN_BLOCK_CAPTURE_AUTORELEASING = YES;
				CLANG_WARN_BOOL_CONVERSION = YES;
				CLANG_WARN_COMMA = YES;
				CLANG_WARN_CONSTANT_CONVERSION = YES;
				CLANG_WARN_DEPRECATED_OBJC_IMPLEMENTATIONS = YES;
				CLANG_WARN_DIRECT_OBJC_ISA_USAGE = YES_ERROR;
				CLANG_WARN_DOCUMENTATION_COMMENTS = YES;
				CLANG_WARN_EMPTY_BODY = YES;
				CLANG_WARN_ENUM_CONVERSION = YES;
				CLANG_WARN_INFINITE_RECURSION = YES;
				CLANG_WARN_INT_CONVERSION = YES;
				CLANG_WARN_NON_LITERAL_NULL_CONVERSION = YES;
				CLANG_WARN_OBJC_IMPLICIT_RETAIN_SELF = YES;
				CLANG_WARN_OBJC_LITERAL_CONVERSION = YES;
				CLANG_WARN_OBJC_ROOT_CLASS = YES_ERROR;
				CLANG_WARN_QUOTED_INCLUDE_IN_FRAMEWORK_HEADER = YES;
				CLANG_WARN_RANGE_LOOP_ANALYSIS = YES;
				CLANG_WARN_STRICT_PROTOTYPES = YES;
				CLANG_WARN_SUSPICIOUS_MOVE = YES;
				CLANG_WARN_UNGUARDED_AVAILABILITY = YES_AGGRESSIVE;
				CLANG_WARN_UNREACHABLE_CODE = YES;
				CLANG_WARN__DUPLICATE_METHOD_MATCH = YES;
				COPY_PHASE_STRIP = NO;
				DEBUG_INFORMATION_FORMAT = dwarf;
				ENABLE_STRICT_OBJC_MSGSEND = YES;
				ENABLE_TESTABILITY = YES;
				GCC_C_LANGUAGE_STANDARD = gnu11;
				GCC_DYNAMIC_NO_PIC = NO;
				GCC_NO_COMMON_BLOCKS = YES;
				GCC_OPTIMIZATION_LEVEL = 0;
				GCC_PREPROCESSOR_DEFINITIONS = (
					"DEBUG=1",
					"$(inherited)",
				);
				GCC_WARN_64_TO_32_BIT_CONVERSION = YES;
				GCC_WARN_ABOUT_RETURN_TYPE = YES_ERROR;
				GCC_WARN_UNDECLARED_SELECTOR = YES;
				GCC_WARN_UNINITIALIZED_AUTOS = YES_AGGRESSIVE;
				GCC_WARN_UNUSED_FUNCTION = YES;
				GCC_WARN_UNUSED_VARIABLE = YES;
				IPHONEOS_DEPLOYMENT_TARGET = 15.5;
				MTL_ENABLE_DEBUG_INFO = INCLUDE_SOURCE;
				MTL_FAST_MATH = YES;
				ONLY_ACTIVE_ARCH = YES;
				SDKROOT = iphoneos;
				SWIFT_ACTIVE_COMPILATION_CONDITIONS = DEBUG;
				SWIFT_OPTIMIZATION_LEVEL = "-Onone";
			};
			name = Debug;
		};
		63A4A3DE2CB490FD0007FA2C /* Release */ = {
			isa = XCBuildConfiguration;
			buildSettings = {
				ALWAYS_SEARCH_USER_PATHS = NO;
				CLANG_ANALYZER_NONNULL = YES;
				CLANG_ANALYZER_NUMBER_OBJECT_CONVERSION = YES_AGGRESSIVE;
				CLANG_CXX_LANGUAGE_STANDARD = "gnu++17";
				CLANG_ENABLE_MODULES = YES;
				CLANG_ENABLE_OBJC_ARC = YES;
				CLANG_ENABLE_OBJC_WEAK = YES;
				CLANG_WARN_BLOCK_CAPTURE_AUTORELEASING = YES;
				CLANG_WARN_BOOL_CONVERSION = YES;
				CLANG_WARN_COMMA = YES;
				CLANG_WARN_CONSTANT_CONVERSION = YES;
				CLANG_WARN_DEPRECATED_OBJC_IMPLEMENTATIONS = YES;
				CLANG_WARN_DIRECT_OBJC_ISA_USAGE = YES_ERROR;
				CLANG_WARN_DOCUMENTATION_COMMENTS = YES;
				CLANG_WARN_EMPTY_BODY = YES;
				CLANG_WARN_ENUM_CONVERSION = YES;
				CLANG_WARN_INFINITE_RECURSION = YES;
				CLANG_WARN_INT_CONVERSION = YES;
				CLANG_WARN_NON_LITERAL_NULL_CONVERSION = YES;
				CLANG_WARN_OBJC_IMPLICIT_RETAIN_SELF = YES;
				CLANG_WARN_OBJC_LITERAL_CONVERSION = YES;
				CLANG_WARN_OBJC_ROOT_CLASS = YES_ERROR;
				CLANG_WARN_QUOTED_INCLUDE_IN_FRAMEWORK_HEADER = YES;
				CLANG_WARN_RANGE_LOOP_ANALYSIS = YES;
				CLANG_WARN_STRICT_PROTOTYPES = YES;
				CLANG_WARN_SUSPICIOUS_MOVE = YES;
				CLANG_WARN_UNGUARDED_AVAILABILITY = YES_AGGRESSIVE;
				CLANG_WARN_UNREACHABLE_CODE = YES;
				CLANG_WARN__DUPLICATE_METHOD_MATCH = YES;
				COPY_PHASE_STRIP = NO;
				DEBUG_INFORMATION_FORMAT = "dwarf-with-dsym";
				ENABLE_NS_ASSERTIONS = NO;
				ENABLE_STRICT_OBJC_MSGSEND = YES;
				GCC_C_LANGUAGE_STANDARD = gnu11;
				GCC_NO_COMMON_BLOCKS = YES;
				GCC_WARN_64_TO_32_BIT_CONVERSION = YES;
				GCC_WARN_ABOUT_RETURN_TYPE = YES_ERROR;
				GCC_WARN_UNDECLARED_SELECTOR = YES;
				GCC_WARN_UNINITIALIZED_AUTOS = YES_AGGRESSIVE;
				GCC_WARN_UNUSED_FUNCTION = YES;
				GCC_WARN_UNUSED_VARIABLE = YES;
				IPHONEOS_DEPLOYMENT_TARGET = 15.5;
				MTL_ENABLE_DEBUG_INFO = NO;
				MTL_FAST_MATH = YES;
				SDKROOT = iphoneos;
				SWIFT_COMPILATION_MODE = wholemodule;
				SWIFT_OPTIMIZATION_LEVEL = "-O";
				VALIDATE_PRODUCT = YES;
			};
			name = Release;
		};
		63A4A3E02CB490FD0007FA2C /* Debug */ = {
			isa = XCBuildConfiguration;
			buildSettings = {
				ASSETCATALOG_COMPILER_APPICON_NAME = AppIcon;
				ASSETCATALOG_COMPILER_GLOBAL_ACCENT_COLOR_NAME = AccentColor;
				CODE_SIGN_STYLE = Automatic;
				CURRENT_PROJECT_VERSION = 1;
				GENERATE_INFOPLIST_FILE = YES;
				INFOPLIST_FILE = DavidQuispeSoundBoard/Info.plist;
				INFOPLIST_KEY_UIApplicationSupportsIndirectInputEvents = YES;
				INFOPLIST_KEY_UILaunchStoryboardName = LaunchScreen;
				INFOPLIST_KEY_UIMainStoryboardFile = Main;
				INFOPLIST_KEY_UISupportedInterfaceOrientations_iPad = "UIInterfaceOrientationPortrait UIInterfaceOrientationPortraitUpsideDown UIInterfaceOrientationLandscapeLeft UIInterfaceOrientationLandscapeRight";
				INFOPLIST_KEY_UISupportedInterfaceOrientations_iPhone = "UIInterfaceOrientationPortrait UIInterfaceOrientationLandscapeLeft UIInterfaceOrientationLandscapeRight";
				LD_RUNPATH_SEARCH_PATHS = (
					"$(inherited)",
					"@executable_path/Frameworks",
				);
				MARKETING_VERSION = 1.0;
				PRODUCT_BUNDLE_IDENTIFIER = empresa.DavidQuispeSoundBoard;
				PRODUCT_NAME = "$(TARGET_NAME)";
				SWIFT_EMIT_LOC_STRINGS = YES;
				SWIFT_VERSION = 5.0;
				TARGETED_DEVICE_FAMILY = "1,2";
			};
			name = Debug;
		};
		63A4A3E12CB490FD0007FA2C /* Release */ = {
			isa = XCBuildConfiguration;
			buildSettings = {
				ASSETCATALOG_COMPILER_APPICON_NAME = AppIcon;
				ASSETCATALOG_COMPILER_GLOBAL_ACCENT_COLOR_NAME = AccentColor;
				CODE_SIGN_STYLE = Automatic;
				CURRENT_PROJECT_VERSION = 1;
				GENERATE_INFOPLIST_FILE = YES;
				INFOPLIST_FILE = DavidQuispeSoundBoard/Info.plist;
				INFOPLIST_KEY_UIApplicationSupportsIndirectInputEvents = YES;
				INFOPLIST_KEY_UILaunchStoryboardName = LaunchScreen;
				INFOPLIST_KEY_UIMainStoryboardFile = Main;
				INFOPLIST_KEY_UISupportedInterfaceOrientations_iPad = "UIInterfaceOrientationPortrait UIInterfaceOrientationPortraitUpsideDown UIInterfaceOrientationLandscapeLeft UIInterfaceOrientationLandscapeRight";
				INFOPLIST_KEY_UISupportedInterfaceOrientations_iPhone = "UIInterfaceOrientationPortrait UIInterfaceOrientationLandscapeLeft UIInterfaceOrientationLandscapeRight";
				LD_RUNPATH_SEARCH_PATHS = (
					"$(inherited)",
					"@executable_path/Frameworks",
				);
				MARKETING_VERSION = 1.0;
				PRODUCT_BUNDLE_IDENTIFIER = empresa.DavidQuispeSoundBoard;
				PRODUCT_NAME = "$(TARGET_NAME)";
				SWIFT_EMIT_LOC_STRINGS = YES;
				SWIFT_VERSION = 5.0;
				TARGETED_DEVICE_FAMILY = "1,2";
			};
			name = Release;
		};
/* End XCBuildConfiguration section */

/* Begin XCConfigurationList section */
		63A4A3C32CB490F60007FA2C /* Build configuration list for PBXProject "DavidQuispeSoundBoard" */ = {
			isa = XCConfigurationList;
			buildConfigurations = (
				63A4A3DD2CB490FD0007FA2C /* Debug */,
				63A4A3DE2CB490FD0007FA2C /* Release */,
			);
			defaultConfigurationIsVisible = 0;
			defaultConfigurationName = Release;
		};
		63A4A3DF2CB490FD0007FA2C /* Build configuration list for PBXNativeTarget "DavidQuispeSoundBoard" */ = {
			isa = XCConfigurationList;
			buildConfigurations = (
				63A4A3E02CB490FD0007FA2C /* Debug */,
				63A4A3E12CB490FD0007FA2C /* Release */,
			);
			defaultConfigurationIsVisible = 0;
			defaultConfigurationName = Release;
		};
/* End XCConfigurationList section */

/* Begin XCVersionGroup section */
		63A4A3D42CB490F60007FA2C /* DavidQuispeSoundBoard.xcdatamodeld */ = {
			isa = XCVersionGroup;
			children = (
				63A4A3D52CB490F60007FA2C /* DavidQuispeSoundBoard.xcdatamodel */,
			);
			currentVersion = 63A4A3D52CB490F60007FA2C /* DavidQuispeSoundBoard.xcdatamodel */;
			path = DavidQuispeSoundBoard.xcdatamodeld;
			sourceTree = "<group>";
			versionGroupType = wrapper.xcdatamodel;
		};
/* End XCVersionGroup section */
	};
	rootObject = 63A4A3C02CB490F60007FA2C /* Project object */;
}
